{
  "object": {
    "pins": [
      {
        "package": "APIKit",
        "repositoryURL": "https://github.com/ishkawa/APIKit.git",
        "state": {
          "branch": null,
          "revision": "c8f5320d84c4c34c0fd965da3c7957819a1ccdd4",
          "version": "5.2.0"
        }
      },
      {
        "package": "NeedleFoundation",
        "repositoryURL": "https://github.com/uber/needle.git",
        "state": {
          "branch": null,
          "revision": "6a2d5e25cd3c77ddfa57835e991469db791c4744",
          "version": "0.17.2"
        }
      },
      {
        "package": "SFSafeSymbols",
        "repositoryURL": "https://github.com/SFSafeSymbols/SFSafeSymbols.git",
        "state": {
          "branch": null,
          "revision": "c61de7a6e9eb1520d32316b06d5932accd974e70",
          "version": "2.1.3"
        }
      }
    ]
  },
  "version": 1
}
