// !$*UTF8*$!
{
	archiveVersion = 1;
	classes = {
	};
	objectVersion = 55;
	objects = {

/* Begin PBXBuildFile section */
		B8113C8727A16F250038FEFB /* Pokemon+preview.swift in Sources */ = {isa = PBXBuildFile; fileRef = B8113C8627A16F250038FEFB /* Pokemon+preview.swift */; };
		B8113C8A27A180630038FEFB /* TypesView.swift in Sources */ = {isa = PBXBuildFile; fileRef = B8113C8927A180630038FEFB /* TypesView.swift */; };
		B8113C8C27A180DB0038FEFB /* Pokemon.Types+preview.swift in Sources */ = {isa = PBXBuildFile; fileRef = B8113C8B27A180DB0038FEFB /* Pokemon.Types+preview.swift */; };
		B8113C8E27A18F070038FEFB /* HeightView.swift in Sources */ = {isa = PBXBuildFile; fileRef = B8113C8D27A18F070038FEFB /* HeightView.swift */; };
		B8113C9027A191000038FEFB /* WeightView.swift in Sources */ = {isa = PBXBuildFile; fileRef = B8113C8F27A191000038FEFB /* WeightView.swift */; };
		B8113C9227A3E4AC0038FEFB /* Colors.xcassets in Resources */ = {isa = PBXBuildFile; fileRef = B8113C9127A3E4AC0038FEFB /* Colors.xcassets */; };
		B8113C9427A3E9450038FEFB /* Pokemon.Type+color.swift in Sources */ = {isa = PBXBuildFile; fileRef = B8113C9327A3E9450038FEFB /* Pokemon.Type+color.swift */; };
		B818DC25278320F300E97C5D /* PokemonListView.swift in Sources */ = {isa = PBXBuildFile; fileRef = B818DC24278320F300E97C5D /* PokemonListView.swift */; };
		B818DC272783226500E97C5D /* UseCase in Frameworks */ = {isa = PBXBuildFile; productRef = B818DC262783226500E97C5D /* UseCase */; };
		B82CBC9E27925E29009C2832 /* PokemonCell.swift in Sources */ = {isa = PBXBuildFile; fileRef = B82CBC9D27925E29009C2832 /* PokemonCell.swift */; };
		B82CBCA427926323009C2832 /* SFSafeSymbols in Frameworks */ = {isa = PBXBuildFile; productRef = B82CBCA327926323009C2832 /* SFSafeSymbols */; };
		B82CBCA627931898009C2832 /* UiState.swift in Sources */ = {isa = PBXBuildFile; fileRef = B82CBCA527931898009C2832 /* UiState.swift */; };
		B82D0E51279700F8000A09DC /* Assets.swift in Sources */ = {isa = PBXBuildFile; fileRef = B82D0E50279700F8000A09DC /* Assets.swift */; };
		B82D0E552798490B000A09DC /* Pokemon.Type+image.swift in Sources */ = {isa = PBXBuildFile; fileRef = B82D0E542798490B000A09DC /* Pokemon.Type+image.swift */; };
		B82EC6E9278AB7A3007A6A31 /* PokemonDetailView.swift in Sources */ = {isa = PBXBuildFile; fileRef = B82EC6E8278AB7A3007A6A31 /* PokemonDetailView.swift */; };
		B86CE27A2778A81A00D0D1C4 /* PokedexApp.swift in Sources */ = {isa = PBXBuildFile; fileRef = B86CE2792778A81A00D0D1C4 /* PokedexApp.swift */; };
		B86CE27E2778A81C00D0D1C4 /* Images.xcassets in Resources */ = {isa = PBXBuildFile; fileRef = B86CE27D2778A81C00D0D1C4 /* Images.xcassets */; };
		B86CE2812778A81C00D0D1C4 /* Preview Assets.xcassets in Resources */ = {isa = PBXBuildFile; fileRef = B86CE2802778A81C00D0D1C4 /* Preview Assets.xcassets */; };
		B86CE28B2778A81C00D0D1C4 /* PokedexTests.swift in Sources */ = {isa = PBXBuildFile; fileRef = B86CE28A2778A81C00D0D1C4 /* PokedexTests.swift */; };
		B875F6B4277CA65600F9F6E0 /* Infra in Frameworks */ = {isa = PBXBuildFile; productRef = B875F6B3277CA65600F9F6E0 /* Infra */; };
		B875F6B8277CA66B00F9F6E0 /* Repository in Frameworks */ = {isa = PBXBuildFile; productRef = B875F6B7277CA66B00F9F6E0 /* Repository */; };
		B878129427AA347F00677C28 /* AbilitiesView.swift in Sources */ = {isa = PBXBuildFile; fileRef = B878129327AA347F00677C28 /* AbilitiesView.swift */; };
		B878129627AA34CB00677C28 /* Pokemon.Abilities+preview.swift in Sources */ = {isa = PBXBuildFile; fileRef = B878129527AA34CB00677C28 /* Pokemon.Abilities+preview.swift */; };
		B878129827ABF4E800677C28 /* OfficialArtworkView.swift in Sources */ = {isa = PBXBuildFile; fileRef = B878129727ABF4E800677C28 /* OfficialArtworkView.swift */; };
		B878129A27ABF62900677C28 /* Pokemon.Sprites+preview.swift in Sources */ = {isa = PBXBuildFile; fileRef = B878129927ABF62900677C28 /* Pokemon.Sprites+preview.swift */; };
		B88DA844278328EE00AD286C /* Entity in Frameworks */ = {isa = PBXBuildFile; productRef = B88DA843278328EE00AD286C /* Entity */; };
		B8A784D9278875AC004DFF3F /* PokemonListViewModel.swift in Sources */ = {isa = PBXBuildFile; fileRef = B8A784D8278875AC004DFF3F /* PokemonListViewModel.swift */; };
/* End PBXBuildFile section */

/* Begin PBXContainerItemProxy section */
		B86CE2872778A81C00D0D1C4 /* PBXContainerItemProxy */ = {
			isa = PBXContainerItemProxy;
			containerPortal = B86CE26E2778A81A00D0D1C4 /* Project object */;
			proxyType = 1;
			remoteGlobalIDString = B86CE2752778A81A00D0D1C4;
			remoteInfo = Pokedex;
		};
/* End PBXContainerItemProxy section */

/* Begin PBXFileReference section */
		B8113C8627A16F250038FEFB /* Pokemon+preview.swift */ = {isa = PBXFileReference; lastKnownFileType = sourcecode.swift; path = "Pokemon+preview.swift"; sourceTree = "<group>"; };
		B8113C8927A180630038FEFB /* TypesView.swift */ = {isa = PBXFileReference; lastKnownFileType = sourcecode.swift; path = TypesView.swift; sourceTree = "<group>"; };
		B8113C8B27A180DB0038FEFB /* Pokemon.Types+preview.swift */ = {isa = PBXFileReference; lastKnownFileType = sourcecode.swift; path = "Pokemon.Types+preview.swift"; sourceTree = "<group>"; };
		B8113C8D27A18F070038FEFB /* HeightView.swift */ = {isa = PBXFileReference; lastKnownFileType = sourcecode.swift; path = HeightView.swift; sourceTree = "<group>"; };
		B8113C8F27A191000038FEFB /* WeightView.swift */ = {isa = PBXFileReference; lastKnownFileType = sourcecode.swift; path = WeightView.swift; sourceTree = "<group>"; };
		B8113C9127A3E4AC0038FEFB /* Colors.xcassets */ = {isa = PBXFileReference; lastKnownFileType = folder.assetcatalog; path = Colors.xcassets; sourceTree = "<group>"; };
		B8113C9327A3E9450038FEFB /* Pokemon.Type+color.swift */ = {isa = PBXFileReference; lastKnownFileType = sourcecode.swift; path = "Pokemon.Type+color.swift"; sourceTree = "<group>"; };
		B818DC24278320F300E97C5D /* PokemonListView.swift */ = {isa = PBXFileReference; lastKnownFileType = sourcecode.swift; path = PokemonListView.swift; sourceTree = "<group>"; };
		B82CBC9D27925E29009C2832 /* PokemonCell.swift */ = {isa = PBXFileReference; lastKnownFileType = sourcecode.swift; path = PokemonCell.swift; sourceTree = "<group>"; };
		B82CBCA527931898009C2832 /* UiState.swift */ = {isa = PBXFileReference; lastKnownFileType = sourcecode.swift; path = UiState.swift; sourceTree = "<group>"; };
		B82D0E50279700F8000A09DC /* Assets.swift */ = {isa = PBXFileReference; fileEncoding = 4; lastKnownFileType = sourcecode.swift; path = Assets.swift; sourceTree = "<group>"; };
		B82D0E542798490B000A09DC /* Pokemon.Type+image.swift */ = {isa = PBXFileReference; lastKnownFileType = sourcecode.swift; path = "Pokemon.Type+image.swift"; sourceTree = "<group>"; };
		B82EC6E8278AB7A3007A6A31 /* PokemonDetailView.swift */ = {isa = PBXFileReference; lastKnownFileType = sourcecode.swift; path = PokemonDetailView.swift; sourceTree = "<group>"; };
		B86CE2762778A81A00D0D1C4 /* Pokedex.app */ = {isa = PBXFileReference; explicitFileType = wrapper.application; includeInIndex = 0; path = Pokedex.app; sourceTree = BUILT_PRODUCTS_DIR; };
		B86CE2792778A81A00D0D1C4 /* PokedexApp.swift */ = {isa = PBXFileReference; lastKnownFileType = sourcecode.swift; path = PokedexApp.swift; sourceTree = "<group>"; };
		B86CE27D2778A81C00D0D1C4 /* Images.xcassets */ = {isa = PBXFileReference; lastKnownFileType = folder.assetcatalog; path = Images.xcassets; sourceTree = "<group>"; };
		B86CE2802778A81C00D0D1C4 /* Preview Assets.xcassets */ = {isa = PBXFileReference; lastKnownFileType = folder.assetcatalog; path = "Preview Assets.xcassets"; sourceTree = "<group>"; };
		B86CE2862778A81C00D0D1C4 /* PokedexTests.xctest */ = {isa = PBXFileReference; explicitFileType = wrapper.cfbundle; includeInIndex = 0; path = PokedexTests.xctest; sourceTree = BUILT_PRODUCTS_DIR; };
		B86CE28A2778A81C00D0D1C4 /* PokedexTests.swift */ = {isa = PBXFileReference; lastKnownFileType = sourcecode.swift; path = PokedexTests.swift; sourceTree = "<group>"; };
		B878129327AA347F00677C28 /* AbilitiesView.swift */ = {isa = PBXFileReference; lastKnownFileType = sourcecode.swift; path = AbilitiesView.swift; sourceTree = "<group>"; };
		B878129527AA34CB00677C28 /* Pokemon.Abilities+preview.swift */ = {isa = PBXFileReference; lastKnownFileType = sourcecode.swift; path = "Pokemon.Abilities+preview.swift"; sourceTree = "<group>"; };
		B878129727ABF4E800677C28 /* OfficialArtworkView.swift */ = {isa = PBXFileReference; lastKnownFileType = sourcecode.swift; path = OfficialArtworkView.swift; sourceTree = "<group>"; };
		B878129927ABF62900677C28 /* Pokemon.Sprites+preview.swift */ = {isa = PBXFileReference; lastKnownFileType = sourcecode.swift; path = "Pokemon.Sprites+preview.swift"; sourceTree = "<group>"; };
		B8A784D8278875AC004DFF3F /* PokemonListViewModel.swift */ = {isa = PBXFileReference; fileEncoding = 4; lastKnownFileType = sourcecode.swift; path = PokemonListViewModel.swift; sourceTree = "<group>"; };
/* End PBXFileReference section */

/* Begin PBXFrameworksBuildPhase section */
		B86CE2732778A81A00D0D1C4 /* Frameworks */ = {
			isa = PBXFrameworksBuildPhase;
			buildActionMask = 2147483647;
			files = (
				B82CBCA427926323009C2832 /* SFSafeSymbols in Frameworks */,
				B818DC272783226500E97C5D /* UseCase in Frameworks */,
				B875F6B4277CA65600F9F6E0 /* Infra in Frameworks */,
				B875F6B8277CA66B00F9F6E0 /* Repository in Frameworks */,
				B88DA844278328EE00AD286C /* Entity in Frameworks */,
			);
			runOnlyForDeploymentPostprocessing = 0;
		};
		B86CE2832778A81C00D0D1C4 /* Frameworks */ = {
			isa = PBXFrameworksBuildPhase;
			buildActionMask = 2147483647;
			files = (
			);
			runOnlyForDeploymentPostprocessing = 0;
		};
/* End PBXFrameworksBuildPhase section */

/* Begin PBXGroup section */
		B8113C8827A180490038FEFB /* SubView */ = {
			isa = PBXGroup;
			children = (
				B878129327AA347F00677C28 /* AbilitiesView.swift */,
				B8113C8D27A18F070038FEFB /* HeightView.swift */,
				B878129727ABF4E800677C28 /* OfficialArtworkView.swift */,
				B8113C8927A180630038FEFB /* TypesView.swift */,
				B8113C8F27A191000038FEFB /* WeightView.swift */,
			);
			path = SubView;
			sourceTree = "<group>";
		};
		B818DC212783209400E97C5D /* PokemonList */ = {
			isa = PBXGroup;
			children = (
				B82CBC9F27926199009C2832 /* View */,
				B82CBCA0279261A6009C2832 /* ViewModel */,
			);
			path = PokemonList;
			sourceTree = "<group>";
		};
		B82CBC9C27925E14009C2832 /* SubView */ = {
			isa = PBXGroup;
			children = (
				B82CBC9D27925E29009C2832 /* PokemonCell.swift */,
			);
			path = SubView;
			sourceTree = "<group>";
		};
		B82CBC9F27926199009C2832 /* View */ = {
			isa = PBXGroup;
			children = (
				B818DC24278320F300E97C5D /* PokemonListView.swift */,
				B82CBC9C27925E14009C2832 /* SubView */,
			);
			path = View;
			sourceTree = "<group>";
		};
		B82CBCA0279261A6009C2832 /* ViewModel */ = {
			isa = PBXGroup;
			children = (
				B8A784D8278875AC004DFF3F /* PokemonListViewModel.swift */,
			);
			path = ViewModel;
			sourceTree = "<group>";
		};
		B82CBCA1279261BC009C2832 /* View */ = {
			isa = PBXGroup;
			children = (
				B82EC6E8278AB7A3007A6A31 /* PokemonDetailView.swift */,
				B8113C8827A180490038FEFB /* SubView */,
			);
			path = View;
			sourceTree = "<group>";
		};
		B82D0E4D2796FF94000A09DC /* Resources */ = {
			isa = PBXGroup;
			children = (
				B8113C9127A3E4AC0038FEFB /* Colors.xcassets */,
				B86CE27D2778A81C00D0D1C4 /* Images.xcassets */,
			);
			path = Resources;
			sourceTree = "<group>";
		};
		B82D0E4E2796FFAB000A09DC /* Scenes */ = {
			isa = PBXGroup;
			children = (
				B818DC212783209400E97C5D /* PokemonList */,
				B82EC6E7278AB638007A6A31 /* PokemonDetail */,
				B82CBCA527931898009C2832 /* UiState.swift */,
			);
			path = Scenes;
			sourceTree = "<group>";
		};
		B82D0E4F2797008B000A09DC /* Generated */ = {
			isa = PBXGroup;
			children = (
				B82D0E50279700F8000A09DC /* Assets.swift */,
			);
			path = Generated;
			sourceTree = "<group>";
		};
		B82D0E53279848E4000A09DC /* Extensions */ = {
			isa = PBXGroup;
			children = (
				B82D0E542798490B000A09DC /* Pokemon.Type+image.swift */,
				B8113C9327A3E9450038FEFB /* Pokemon.Type+color.swift */,
			);
			path = Extensions;
			sourceTree = "<group>";
		};
		B82EC6E7278AB638007A6A31 /* PokemonDetail */ = {
			isa = PBXGroup;
			children = (
				B82CBCA1279261BC009C2832 /* View */,
			);
			path = PokemonDetail;
			sourceTree = "<group>";
		};
		B86CE26D2778A81A00D0D1C4 = {
			isa = PBXGroup;
			children = (
				B86CE2782778A81A00D0D1C4 /* Pokedex */,
				B86CE2892778A81C00D0D1C4 /* PokedexTests */,
				B86CE2772778A81A00D0D1C4 /* Products */,
				B875F6B2277CA65600F9F6E0 /* Frameworks */,
			);
			sourceTree = "<group>";
		};
		B86CE2772778A81A00D0D1C4 /* Products */ = {
			isa = PBXGroup;
			children = (
				B86CE2762778A81A00D0D1C4 /* Pokedex.app */,
				B86CE2862778A81C00D0D1C4 /* PokedexTests.xctest */,
			);
			name = Products;
			sourceTree = "<group>";
		};
		B86CE2782778A81A00D0D1C4 /* Pokedex */ = {
			isa = PBXGroup;
			children = (
				B86CE2792778A81A00D0D1C4 /* PokedexApp.swift */,
				B82D0E4E2796FFAB000A09DC /* Scenes */,
				B82D0E53279848E4000A09DC /* Extensions */,
				B82D0E4F2797008B000A09DC /* Generated */,
				B82D0E4D2796FF94000A09DC /* Resources */,
				B86CE27F2778A81C00D0D1C4 /* Preview Content */,
			);
			path = Pokedex;
			sourceTree = "<group>";
		};
		B86CE27F2778A81C00D0D1C4 /* Preview Content */ = {
			isa = PBXGroup;
			children = (
				B86CE2802778A81C00D0D1C4 /* Preview Assets.xcassets */,
				B8113C8627A16F250038FEFB /* Pokemon+preview.swift */,
				B878129527AA34CB00677C28 /* Pokemon.Abilities+preview.swift */,
				B878129927ABF62900677C28 /* Pokemon.Sprites+preview.swift */,
				B8113C8B27A180DB0038FEFB /* Pokemon.Types+preview.swift */,
			);
			path = "Preview Content";
			sourceTree = "<group>";
		};
		B86CE2892778A81C00D0D1C4 /* PokedexTests */ = {
			isa = PBXGroup;
			children = (
				B86CE28A2778A81C00D0D1C4 /* PokedexTests.swift */,
			);
			path = PokedexTests;
			sourceTree = "<group>";
		};
		B875F6B2277CA65600F9F6E0 /* Frameworks */ = {
			isa = PBXGroup;
			children = (
			);
			name = Frameworks;
			sourceTree = "<group>";
		};
/* End PBXGroup section */

/* Begin PBXNativeTarget section */
		B86CE2752778A81A00D0D1C4 /* Pokedex */ = {
			isa = PBXNativeTarget;
			buildConfigurationList = B86CE29A2778A81C00D0D1C4 /* Build configuration list for PBXNativeTarget "Pokedex" */;
			buildPhases = (
				B82D0E5227970295000A09DC /* Run SwiftGen */,
				B8113C9527A6DA9E0038FEFB /* Run Sourcery */,
				B86CE2722778A81A00D0D1C4 /* Sources */,
				B86CE2732778A81A00D0D1C4 /* Frameworks */,
				B86CE2742778A81A00D0D1C4 /* Resources */,
			);
			buildRules = (
			);
			dependencies = (
			);
			name = Pokedex;
			packageProductDependencies = (
				B875F6B3277CA65600F9F6E0 /* Infra */,
				B875F6B7277CA66B00F9F6E0 /* Repository */,
				B818DC262783226500E97C5D /* UseCase */,
				B88DA843278328EE00AD286C /* Entity */,
				B82CBCA327926323009C2832 /* SFSafeSymbols */,
			);
			productName = Pokedex;
			productReference = B86CE2762778A81A00D0D1C4 /* Pokedex.app */;
			productType = "com.apple.product-type.application";
		};
		B86CE2852778A81C00D0D1C4 /* PokedexTests */ = {
			isa = PBXNativeTarget;
			buildConfigurationList = B86CE29D2778A81C00D0D1C4 /* Build configuration list for PBXNativeTarget "PokedexTests" */;
			buildPhases = (
				B86CE2822778A81C00D0D1C4 /* Sources */,
				B86CE2832778A81C00D0D1C4 /* Frameworks */,
				B86CE2842778A81C00D0D1C4 /* Resources */,
			);
			buildRules = (
			);
			dependencies = (
				B86CE2882778A81C00D0D1C4 /* PBXTargetDependency */,
			);
			name = PokedexTests;
			productName = PokedexTests;
			productReference = B86CE2862778A81C00D0D1C4 /* PokedexTests.xctest */;
			productType = "com.apple.product-type.bundle.unit-test";
		};
/* End PBXNativeTarget section */

/* Begin PBXProject section */
		B86CE26E2778A81A00D0D1C4 /* Project object */ = {
			isa = PBXProject;
			attributes = {
				BuildIndependentTargetsInParallel = 1;
				LastSwiftUpdateCheck = 1320;
				LastUpgradeCheck = 1320;
				TargetAttributes = {
					B86CE2752778A81A00D0D1C4 = {
						CreatedOnToolsVersion = 13.2.1;
					};
					B86CE2852778A81C00D0D1C4 = {
						CreatedOnToolsVersion = 13.2.1;
						TestTargetID = B86CE2752778A81A00D0D1C4;
					};
				};
			};
			buildConfigurationList = B86CE2712778A81A00D0D1C4 /* Build configuration list for PBXProject "Pokedex" */;
			compatibilityVersion = "Xcode 13.0";
			developmentRegion = en;
			hasScannedForEncodings = 0;
			knownRegions = (
				en,
				Base,
			);
			mainGroup = B86CE26D2778A81A00D0D1C4;
			packageReferences = (
				B82CBCA227926323009C2832 /* XCRemoteSwiftPackageReference "SFSafeSymbols" */,
			);
			productRefGroup = B86CE2772778A81A00D0D1C4 /* Products */;
			projectDirPath = "";
			projectRoot = "";
			targets = (
				B86CE2752778A81A00D0D1C4 /* Pokedex */,
				B86CE2852778A81C00D0D1C4 /* PokedexTests */,
			);
		};
/* End PBXProject section */

/* Begin PBXResourcesBuildPhase section */
		B86CE2742778A81A00D0D1C4 /* Resources */ = {
			isa = PBXResourcesBuildPhase;
			buildActionMask = 2147483647;
			files = (
				B8113C9227A3E4AC0038FEFB /* Colors.xcassets in Resources */,
				B86CE2812778A81C00D0D1C4 /* Preview Assets.xcassets in Resources */,
				B86CE27E2778A81C00D0D1C4 /* Images.xcassets in Resources */,
			);
			runOnlyForDeploymentPostprocessing = 0;
		};
		B86CE2842778A81C00D0D1C4 /* Resources */ = {
			isa = PBXResourcesBuildPhase;
			buildActionMask = 2147483647;
			files = (
			);
			runOnlyForDeploymentPostprocessing = 0;
		};
/* End PBXResourcesBuildPhase section */

/* Begin PBXShellScriptBuildPhase section */
		B8113C9527A6DA9E0038FEFB /* Run Sourcery */ = {
			isa = PBXShellScriptBuildPhase;
			buildActionMask = 2147483647;
			files = (
			);
			inputFileListPaths = (
			);
			inputPaths = (
			);
			name = "Run Sourcery";
			outputFileListPaths = (
			);
			outputPaths = (
			);
			runOnlyForDeploymentPostprocessing = 0;
			shellPath = /bin/sh;
			shellScript = "if [ `uname -m` == 'arm64' ] && [ -d /opt/homebrew/bin/ ]; then\n  export PATH=/opt/homebrew/bin:$PATH\nfi\n\nSDKROOT=$(xcrun --sdk macosx --show-sdk-path)\nmint run sourcery\n";
		};
		B82D0E5227970295000A09DC /* Run SwiftGen */ = {
			isa = PBXShellScriptBuildPhase;
			buildActionMask = 2147483647;
			files = (
			);
			inputFileListPaths = (
			);
			inputPaths = (
			);
			name = "Run SwiftGen";
			outputFileListPaths = (
			);
			outputPaths = (
			);
			runOnlyForDeploymentPostprocessing = 0;
			shellPath = /bin/sh;
			shellScript = "if [ `uname -m` == 'arm64' ] && [ -d /opt/homebrew/bin/ ]; then\n  export PATH=/opt/homebrew/bin:$PATH\nfi\n\nSDKROOT=$(xcrun --sdk macosx --show-sdk-path)\nmint run swiftgen\n";
		};
/* End PBXShellScriptBuildPhase section */

/* Begin PBXSourcesBuildPhase section */
		B86CE2722778A81A00D0D1C4 /* Sources */ = {
			isa = PBXSourcesBuildPhase;
			buildActionMask = 2147483647;
			files = (
				B82CBC9E27925E29009C2832 /* PokemonCell.swift in Sources */,
				B8113C8C27A180DB0038FEFB /* Pokemon.Types+preview.swift in Sources */,
				B878129A27ABF62900677C28 /* Pokemon.Sprites+preview.swift in Sources */,
				B878129827ABF4E800677C28 /* OfficialArtworkView.swift in Sources */,
				B8113C9027A191000038FEFB /* WeightView.swift in Sources */,
				B82D0E51279700F8000A09DC /* Assets.swift in Sources */,
				B878129627AA34CB00677C28 /* Pokemon.Abilities+preview.swift in Sources */,
				B818DC25278320F300E97C5D /* PokemonListView.swift in Sources */,
				B82EC6E9278AB7A3007A6A31 /* PokemonDetailView.swift in Sources */,
				B8113C8A27A180630038FEFB /* TypesView.swift in Sources */,
				B8A784D9278875AC004DFF3F /* PokemonListViewModel.swift in Sources */,
				B8113C8E27A18F070038FEFB /* HeightView.swift in Sources */,
				B8113C8727A16F250038FEFB /* Pokemon+preview.swift in Sources */,
				B878129427AA347F00677C28 /* AbilitiesView.swift in Sources */,
				B86CE27A2778A81A00D0D1C4 /* PokedexApp.swift in Sources */,
				B82CBCA627931898009C2832 /* UiState.swift in Sources */,
				B8113C9427A3E9450038FEFB /* Pokemon.Type+color.swift in Sources */,
				B82D0E552798490B000A09DC /* Pokemon.Type+image.swift in Sources */,
			);
			runOnlyForDeploymentPostprocessing = 0;
		};
		B86CE2822778A81C00D0D1C4 /* Sources */ = {
			isa = PBXSourcesBuildPhase;
			buildActionMask = 2147483647;
			files = (
				B86CE28B2778A81C00D0D1C4 /* PokedexTests.swift in Sources */,
			);
			runOnlyForDeploymentPostprocessing = 0;
		};
/* End PBXSourcesBuildPhase section */

/* Begin PBXTargetDependency section */
		B86CE2882778A81C00D0D1C4 /* PBXTargetDependency */ = {
			isa = PBXTargetDependency;
			target = B86CE2752778A81A00D0D1C4 /* Pokedex */;
			targetProxy = B86CE2872778A81C00D0D1C4 /* PBXContainerItemProxy */;
		};
/* End PBXTargetDependency section */

/* Begin XCBuildConfiguration section */
		B86CE2982778A81C00D0D1C4 /* Debug */ = {
			isa = XCBuildConfiguration;
			buildSettings = {
				ALWAYS_SEARCH_USER_PATHS = NO;
				CLANG_ANALYZER_NONNULL = YES;
				CLANG_ANALYZER_NUMBER_OBJECT_CONVERSION = YES_AGGRESSIVE;
				CLANG_CXX_LANGUAGE_STANDARD = "gnu++17";
				CLANG_CXX_LIBRARY = "libc++";
				CLANG_ENABLE_MODULES = YES;
				CLANG_ENABLE_OBJC_ARC = YES;
				CLANG_ENABLE_OBJC_WEAK = YES;
				CLANG_WARN_BLOCK_CAPTURE_AUTORELEASING = YES;
				CLANG_WARN_BOOL_CONVERSION = YES;
				CLANG_WARN_COMMA = YES;
				CLANG_WARN_CONSTANT_CONVERSION = YES;
				CLANG_WARN_DEPRECATED_OBJC_IMPLEMENTATIONS = YES;
				CLANG_WARN_DIRECT_OBJC_ISA_USAGE = YES_ERROR;
				CLANG_WARN_DOCUMENTATION_COMMENTS = YES;
				CLANG_WARN_EMPTY_BODY = YES;
				CLANG_WARN_ENUM_CONVERSION = YES;
				CLANG_WARN_INFINITE_RECURSION = YES;
				CLANG_WARN_INT_CONVERSION = YES;
				CLANG_WARN_NON_LITERAL_NULL_CONVERSION = YES;
				CLANG_WARN_OBJC_IMPLICIT_RETAIN_SELF = YES;
				CLANG_WARN_OBJC_LITERAL_CONVERSION = YES;
				CLANG_WARN_OBJC_ROOT_CLASS = YES_ERROR;
				CLANG_WARN_QUOTED_INCLUDE_IN_FRAMEWORK_HEADER = YES;
				CLANG_WARN_RANGE_LOOP_ANALYSIS = YES;
				CLANG_WARN_STRICT_PROTOTYPES = YES;
				CLANG_WARN_SUSPICIOUS_MOVE = YES;
				CLANG_WARN_UNGUARDED_AVAILABILITY = YES_AGGRESSIVE;
				CLANG_WARN_UNREACHABLE_CODE = YES;
				CLANG_WARN__DUPLICATE_METHOD_MATCH = YES;
				COPY_PHASE_STRIP = NO;
				DEBUG_INFORMATION_FORMAT = dwarf;
				ENABLE_STRICT_OBJC_MSGSEND = YES;
				ENABLE_TESTABILITY = YES;
				GCC_C_LANGUAGE_STANDARD = gnu11;
				GCC_DYNAMIC_NO_PIC = NO;
				GCC_NO_COMMON_BLOCKS = YES;
				GCC_OPTIMIZATION_LEVEL = 0;
				GCC_PREPROCESSOR_DEFINITIONS = (
					"DEBUG=1",
					"$(inherited)",
				);
				GCC_WARN_64_TO_32_BIT_CONVERSION = YES;
				GCC_WARN_ABOUT_RETURN_TYPE = YES_ERROR;
				GCC_WARN_UNDECLARED_SELECTOR = YES;
				GCC_WARN_UNINITIALIZED_AUTOS = YES_AGGRESSIVE;
				GCC_WARN_UNUSED_FUNCTION = YES;
				GCC_WARN_UNUSED_VARIABLE = YES;
				IPHONEOS_DEPLOYMENT_TARGET = 15.2;
				MTL_ENABLE_DEBUG_INFO = INCLUDE_SOURCE;
				MTL_FAST_MATH = YES;
				ONLY_ACTIVE_ARCH = YES;
				SDKROOT = iphoneos;
				SWIFT_ACTIVE_COMPILATION_CONDITIONS = DEBUG;
				SWIFT_OPTIMIZATION_LEVEL = "-Onone";
			};
			name = Debug;
		};
		B86CE2992778A81C00D0D1C4 /* Release */ = {
			isa = XCBuildConfiguration;
			buildSettings = {
				ALWAYS_SEARCH_USER_PATHS = NO;
				CLANG_ANALYZER_NONNULL = YES;
				CLANG_ANALYZER_NUMBER_OBJECT_CONVERSION = YES_AGGRESSIVE;
				CLANG_CXX_LANGUAGE_STANDARD = "gnu++17";
				CLANG_CXX_LIBRARY = "libc++";
				CLANG_ENABLE_MODULES = YES;
				CLANG_ENABLE_OBJC_ARC = YES;
				CLANG_ENABLE_OBJC_WEAK = YES;
				CLANG_WARN_BLOCK_CAPTURE_AUTORELEASING = YES;
				CLANG_WARN_BOOL_CONVERSION = YES;
				CLANG_WARN_COMMA = YES;
				CLANG_WARN_CONSTANT_CONVERSION = YES;
				CLANG_WARN_DEPRECATED_OBJC_IMPLEMENTATIONS = YES;
				CLANG_WARN_DIRECT_OBJC_ISA_USAGE = YES_ERROR;
				CLANG_WARN_DOCUMENTATION_COMMENTS = YES;
				CLANG_WARN_EMPTY_BODY = YES;
				CLANG_WARN_ENUM_CONVERSION = YES;
				CLANG_WARN_INFINITE_RECURSION = YES;
				CLANG_WARN_INT_CONVERSION = YES;
				CLANG_WARN_NON_LITERAL_NULL_CONVERSION = YES;
				CLANG_WARN_OBJC_IMPLICIT_RETAIN_SELF = YES;
				CLANG_WARN_OBJC_LITERAL_CONVERSION = YES;
				CLANG_WARN_OBJC_ROOT_CLASS = YES_ERROR;
				CLANG_WARN_QUOTED_INCLUDE_IN_FRAMEWORK_HEADER = YES;
				CLANG_WARN_RANGE_LOOP_ANALYSIS = YES;
				CLANG_WARN_STRICT_PROTOTYPES = YES;
				CLANG_WARN_SUSPICIOUS_MOVE = YES;
				CLANG_WARN_UNGUARDED_AVAILABILITY = YES_AGGRESSIVE;
				CLANG_WARN_UNREACHABLE_CODE = YES;
				CLANG_WARN__DUPLICATE_METHOD_MATCH = YES;
				COPY_PHASE_STRIP = NO;
				DEBUG_INFORMATION_FORMAT = "dwarf-with-dsym";
				ENABLE_NS_ASSERTIONS = NO;
				ENABLE_STRICT_OBJC_MSGSEND = YES;
				GCC_C_LANGUAGE_STANDARD = gnu11;
				GCC_NO_COMMON_BLOCKS = YES;
				GCC_WARN_64_TO_32_BIT_CONVERSION = YES;
				GCC_WARN_ABOUT_RETURN_TYPE = YES_ERROR;
				GCC_WARN_UNDECLARED_SELECTOR = YES;
				GCC_WARN_UNINITIALIZED_AUTOS = YES_AGGRESSIVE;
				GCC_WARN_UNUSED_FUNCTION = YES;
				GCC_WARN_UNUSED_VARIABLE = YES;
				IPHONEOS_DEPLOYMENT_TARGET = 15.2;
				MTL_ENABLE_DEBUG_INFO = NO;
				MTL_FAST_MATH = YES;
				SDKROOT = iphoneos;
				SWIFT_COMPILATION_MODE = wholemodule;
				SWIFT_OPTIMIZATION_LEVEL = "-O";
				VALIDATE_PRODUCT = YES;
			};
			name = Release;
		};
		B86CE29B2778A81C00D0D1C4 /* Debug */ = {
			isa = XCBuildConfiguration;
			buildSettings = {
				ASSETCATALOG_COMPILER_APPICON_NAME = AppIcon;
				ASSETCATALOG_COMPILER_GLOBAL_ACCENT_COLOR_NAME = AccentColor;
				ASSETCATALOG_COMPILER_INCLUDE_ALL_APPICON_ASSETS = NO;
				CODE_SIGN_STYLE = Automatic;
				CURRENT_PROJECT_VERSION = 1;
				DEVELOPMENT_ASSET_PATHS = "\"Pokedex/Preview Content\"";
				DEVELOPMENT_TEAM = 8RYHZQ93KG;
				ENABLE_PREVIEWS = YES;
				EXCLUDED_ARCHS = "";
				"EXCLUDED_ARCHS[sdk=iphonesimulator*]" = x86_64;
				GENERATE_INFOPLIST_FILE = YES;
				INFOPLIST_KEY_UIApplicationSceneManifest_Generation = YES;
				INFOPLIST_KEY_UIApplicationSupportsIndirectInputEvents = YES;
				INFOPLIST_KEY_UILaunchScreen_Generation = YES;
				INFOPLIST_KEY_UISupportedInterfaceOrientations_iPad = "UIInterfaceOrientationPortrait UIInterfaceOrientationPortraitUpsideDown UIInterfaceOrientationLandscapeLeft UIInterfaceOrientationLandscapeRight";
				INFOPLIST_KEY_UISupportedInterfaceOrientations_iPhone = "UIInterfaceOrientationPortrait UIInterfaceOrientationLandscapeLeft UIInterfaceOrientationLandscapeRight";
				IPHONEOS_DEPLOYMENT_TARGET = 15.0;
				LD_RUNPATH_SEARCH_PATHS = (
					"$(inherited)",
					"@executable_path/Frameworks",
				);
				MARKETING_VERSION = 1.0;
				OTHER_SWIFT_FLAGS = "-Xfrontend -warn-concurrency -Xfrontend -enable-actor-data-race-checks";
				PRODUCT_BUNDLE_IDENTIFIER = com.hicka04.Pokedex;
				PRODUCT_NAME = "$(TARGET_NAME)";
				SWIFT_EMIT_LOC_STRINGS = YES;
				SWIFT_VERSION = 5.0;
				TARGETED_DEVICE_FAMILY = "1,2";
			};
			name = Debug;
		};
		B86CE29C2778A81C00D0D1C4 /* Release */ = {
			isa = XCBuildConfiguration;
			buildSettings = {
				ASSETCATALOG_COMPILER_APPICON_NAME = AppIcon;
				ASSETCATALOG_COMPILER_GLOBAL_ACCENT_COLOR_NAME = AccentColor;
				ASSETCATALOG_COMPILER_INCLUDE_ALL_APPICON_ASSETS = NO;
				CODE_SIGN_STYLE = Automatic;
				CURRENT_PROJECT_VERSION = 1;
				DEVELOPMENT_ASSET_PATHS = "\"Pokedex/Preview Content\"";
				DEVELOPMENT_TEAM = 8RYHZQ93KG;
				ENABLE_PREVIEWS = YES;
				EXCLUDED_ARCHS = "";
				"EXCLUDED_ARCHS[sdk=iphonesimulator*]" = x86_64;
				GENERATE_INFOPLIST_FILE = YES;
				INFOPLIST_KEY_UIApplicationSceneManifest_Generation = YES;
				INFOPLIST_KEY_UIApplicationSupportsIndirectInputEvents = YES;
				INFOPLIST_KEY_UILaunchScreen_Generation = YES;
				INFOPLIST_KEY_UISupportedInterfaceOrientations_iPad = "UIInterfaceOrientationPortrait UIInterfaceOrientationPortraitUpsideDown UIInterfaceOrientationLandscapeLeft UIInterfaceOrientationLandscapeRight";
				INFOPLIST_KEY_UISupportedInterfaceOrientations_iPhone = "UIInterfaceOrientationPortrait UIInterfaceOrientationLandscapeLeft UIInterfaceOrientationLandscapeRight";
				IPHONEOS_DEPLOYMENT_TARGET = 15.0;
				LD_RUNPATH_SEARCH_PATHS = (
					"$(inherited)",
					"@executable_path/Frameworks",
				);
				MARKETING_VERSION = 1.0;
				OTHER_SWIFT_FLAGS = "-Xfrontend -warn-concurrency -Xfrontend -enable-actor-data-race-checks";
				PRODUCT_BUNDLE_IDENTIFIER = com.hicka04.Pokedex;
				PRODUCT_NAME = "$(TARGET_NAME)";
				SWIFT_EMIT_LOC_STRINGS = YES;
				SWIFT_VERSION = 5.0;
				TARGETED_DEVICE_FAMILY = "1,2";
			};
			name = Release;
		};
		B86CE29E2778A81C00D0D1C4 /* Debug */ = {
			isa = XCBuildConfiguration;
			buildSettings = {
				ALWAYS_EMBED_SWIFT_STANDARD_LIBRARIES = YES;
				BUNDLE_LOADER = "$(TEST_HOST)";
				CODE_SIGN_STYLE = Automatic;
				CURRENT_PROJECT_VERSION = 1;
				DEVELOPMENT_TEAM = 8RYHZQ93KG;
				GENERATE_INFOPLIST_FILE = YES;
				IPHONEOS_DEPLOYMENT_TARGET = 15.2;
				MARKETING_VERSION = 1.0;
				PRODUCT_BUNDLE_IDENTIFIER = com.hicka04.PokedexTests;
				PRODUCT_NAME = "$(TARGET_NAME)";
				SWIFT_EMIT_LOC_STRINGS = NO;
				SWIFT_VERSION = 5.0;
				TARGETED_DEVICE_FAMILY = "1,2";
				TEST_HOST = "$(BUILT_PRODUCTS_DIR)/Pokedex.app/Pokedex";
			};
			name = Debug;
		};
		B86CE29F2778A81C00D0D1C4 /* Release */ = {
			isa = XCBuildConfiguration;
			buildSettings = {
				ALWAYS_EMBED_SWIFT_STANDARD_LIBRARIES = YES;
				BUNDLE_LOADER = "$(TEST_HOST)";
				CODE_SIGN_STYLE = Automatic;
				CURRENT_PROJECT_VERSION = 1;
				DEVELOPMENT_TEAM = 8RYHZQ93KG;
				GENERATE_INFOPLIST_FILE = YES;
				IPHONEOS_DEPLOYMENT_TARGET = 15.2;
				MARKETING_VERSION = 1.0;
				PRODUCT_BUNDLE_IDENTIFIER = com.hicka04.PokedexTests;
				PRODUCT_NAME = "$(TARGET_NAME)";
				SWIFT_EMIT_LOC_STRINGS = NO;
				SWIFT_VERSION = 5.0;
				TARGETED_DEVICE_FAMILY = "1,2";
				TEST_HOST = "$(BUILT_PRODUCTS_DIR)/Pokedex.app/Pokedex";
			};
			name = Release;
		};
/* End XCBuildConfiguration section */

/* Begin XCConfigurationList section */
		B86CE2712778A81A00D0D1C4 /* Build configuration list for PBXProject "Pokedex" */ = {
			isa = XCConfigurationList;
			buildConfigurations = (
				B86CE2982778A81C00D0D1C4 /* Debug */,
				B86CE2992778A81C00D0D1C4 /* Release */,
			);
			defaultConfigurationIsVisible = 0;
			defaultConfigurationName = Release;
		};
		B86CE29A2778A81C00D0D1C4 /* Build configuration list for PBXNativeTarget "Pokedex" */ = {
			isa = XCConfigurationList;
			buildConfigurations = (
				B86CE29B2778A81C00D0D1C4 /* Debug */,
				B86CE29C2778A81C00D0D1C4 /* Release */,
			);
			defaultConfigurationIsVisible = 0;
			defaultConfigurationName = Release;
		};
		B86CE29D2778A81C00D0D1C4 /* Build configuration list for PBXNativeTarget "PokedexTests" */ = {
			isa = XCConfigurationList;
			buildConfigurations = (
				B86CE29E2778A81C00D0D1C4 /* Debug */,
				B86CE29F2778A81C00D0D1C4 /* Release */,
			);
			defaultConfigurationIsVisible = 0;
			defaultConfigurationName = Release;
		};
/* End XCConfigurationList section */

/* Begin XCRemoteSwiftPackageReference section */
		B82CBCA227926323009C2832 /* XCRemoteSwiftPackageReference "SFSafeSymbols" */ = {
			isa = XCRemoteSwiftPackageReference;
			repositoryURL = "https://github.com/SFSafeSymbols/SFSafeSymbols.git";
			requirement = {
				kind = upToNextMajorVersion;
				minimumVersion = 2.1.3;
			};
		};
/* End XCRemoteSwiftPackageReference section */

/* Begin XCSwiftPackageProductDependency section */
		B818DC262783226500E97C5D /* UseCase */ = {
			isa = XCSwiftPackageProductDependency;
			productName = UseCase;
		};
		B82CBCA327926323009C2832 /* SFSafeSymbols */ = {
			isa = XCSwiftPackageProductDependency;
			package = B82CBCA227926323009C2832 /* XCRemoteSwiftPackageReference "SFSafeSymbols" */;
			productName = SFSafeSymbols;
		};
		B875F6B3277CA65600F9F6E0 /* Infra */ = {
			isa = XCSwiftPackageProductDependency;
			productName = Infra;
		};
		B875F6B7277CA66B00F9F6E0 /* Repository */ = {
			isa = XCSwiftPackageProductDependency;
			productName = Repository;
		};
		B88DA843278328EE00AD286C /* Entity */ = {
			isa = XCSwiftPackageProductDependency;
			productName = Entity;
		};
/* End XCSwiftPackageProductDependency section */
	};
	rootObject = B86CE26E2778A81A00D0D1C4 /* Project object */;
}
