// !$*UTF8*$!
{
	archiveVersion = 1;
	classes = {
	};
	objectVersion = 55;
	objects = {

/* Begin PBXBuildFile section */
		B814274227CD09FB0099E1B3 /* DI in Frameworks */ = {isa = PBXBuildFile; productRef = B814274127CD09FB0099E1B3 /* DI */; };
		B814274427CD0D970099E1B3 /* Features in Frameworks */ = {isa = PBXBuildFile; productRef = B814274327CD0D970099E1B3 /* Features */; };
		B81B748027BFDC2F0015C280 /* Assets.xcassets in Resources */ = {isa = PBXBuildFile; fileRef = B81B747F27BFDC2F0015C280 /* Assets.xcassets */; };
		B81B748227BFE0D50015C280 /* PreviewAssets.swift in Sources */ = {isa = PBXBuildFile; fileRef = B81B748127BFE0D50015C280 /* PreviewAssets.swift */; };
		B834072727C5F3D700E1A585 /* DesignSystem in Frameworks */ = {isa = PBXBuildFile; productRef = B834072627C5F3D700E1A585 /* DesignSystem */; };
		B834072927C5F3D700E1A585 /* Entity in Frameworks */ = {isa = PBXBuildFile; productRef = B834072827C5F3D700E1A585 /* Entity */; };
		B834072B27C5F3D700E1A585 /* Repository in Frameworks */ = {isa = PBXBuildFile; productRef = B834072A27C5F3D700E1A585 /* Repository */; };
		B834072D27C5F3D700E1A585 /* UseCase in Frameworks */ = {isa = PBXBuildFile; productRef = B834072C27C5F3D700E1A585 /* UseCase */; };
		B834073127C5F3D700E1A585 /* Infra in Frameworks */ = {isa = PBXBuildFile; productRef = B834073027C5F3D700E1A585 /* Infra */; };
		B845207727D06F150067081D /* Core in Frameworks */ = {isa = PBXBuildFile; productRef = B845207627D06F150067081D /* Core */; };
		B85BE06827CA878600EDD566 /* NeedleGenerated.swift in Sources */ = {isa = PBXBuildFile; fileRef = B85BE06727CA878600EDD566 /* NeedleGenerated.swift */; };
		B85BE06A27CB1B9200EDD566 /* RootComponent.swift in Sources */ = {isa = PBXBuildFile; fileRef = B85BE06927CB1B9200EDD566 /* RootComponent.swift */; };
		B86CE27A2778A81A00D0D1C4 /* PokedexApp.swift in Sources */ = {isa = PBXBuildFile; fileRef = B86CE2792778A81A00D0D1C4 /* PokedexApp.swift */; };
		B86CE2812778A81C00D0D1C4 /* Preview Assets.xcassets in Resources */ = {isa = PBXBuildFile; fileRef = B86CE2802778A81C00D0D1C4 /* Preview Assets.xcassets */; };
		B86CE28B2778A81C00D0D1C4 /* PokedexTests.swift in Sources */ = {isa = PBXBuildFile; fileRef = B86CE28A2778A81C00D0D1C4 /* PokedexTests.swift */; };
		B8D1AD3427D10B8800E4BABF /* PokemonDetailSandboxApp.swift in Sources */ = {isa = PBXBuildFile; fileRef = B8D1AD2527D10B8700E4BABF /* PokemonDetailSandboxApp.swift */; };
		B8D1AD3827D10B8800E4BABF /* Assets.xcassets in Resources */ = {isa = PBXBuildFile; fileRef = B8D1AD2727D10B8800E4BABF /* Assets.xcassets */; };
		B8D1AD4327D10D1200E4BABF /* RootComponent.swift in Sources */ = {isa = PBXBuildFile; fileRef = B8D1AD4227D10D1200E4BABF /* RootComponent.swift */; };
		B8D1AD4527D10FD900E4BABF /* Entity in Frameworks */ = {isa = PBXBuildFile; productRef = B8D1AD4427D10FD900E4BABF /* Entity */; };
		B8D1AD4727D10FD900E4BABF /* Repository in Frameworks */ = {isa = PBXBuildFile; productRef = B8D1AD4627D10FD900E4BABF /* Repository */; };
		B8D1AD4927D10FD900E4BABF /* UseCase in Frameworks */ = {isa = PBXBuildFile; productRef = B8D1AD4827D10FD900E4BABF /* UseCase */; };
		B8D1AD4B27D10FD900E4BABF /* DI in Frameworks */ = {isa = PBXBuildFile; productRef = B8D1AD4A27D10FD900E4BABF /* DI */; };
		B8D1AD4D27D10FD900E4BABF /* Features in Frameworks */ = {isa = PBXBuildFile; productRef = B8D1AD4C27D10FD900E4BABF /* Features */; };
		B8D1AD4F27D10FD900E4BABF /* Infra in Frameworks */ = {isa = PBXBuildFile; productRef = B8D1AD4E27D10FD900E4BABF /* Infra */; };
		B8D1AD5127D1108000E4BABF /* Core in Frameworks */ = {isa = PBXBuildFile; productRef = B8D1AD5027D1108000E4BABF /* Core */; };
		B8D1AD5527D111BE00E4BABF /* NeedleGenerated.swift in Sources */ = {isa = PBXBuildFile; fileRef = B8D1AD5427D111BE00E4BABF /* NeedleGenerated.swift */; };
/* End PBXBuildFile section */

/* Begin PBXContainerItemProxy section */
		B86CE2872778A81C00D0D1C4 /* PBXContainerItemProxy */ = {
			isa = PBXContainerItemProxy;
			containerPortal = B86CE26E2778A81A00D0D1C4 /* Project object */;
			proxyType = 1;
			remoteGlobalIDString = B86CE2752778A81A00D0D1C4;
			remoteInfo = Pokedex;
		};
/* End PBXContainerItemProxy section */

/* Begin PBXFileReference section */
		B81B747F27BFDC2F0015C280 /* Assets.xcassets */ = {isa = PBXFileReference; lastKnownFileType = folder.assetcatalog; path = Assets.xcassets; sourceTree = "<group>"; };
		B81B748127BFE0D50015C280 /* PreviewAssets.swift */ = {isa = PBXFileReference; fileEncoding = 4; lastKnownFileType = sourcecode.swift; path = PreviewAssets.swift; sourceTree = "<group>"; };
		B85BE06727CA878600EDD566 /* NeedleGenerated.swift */ = {isa = PBXFileReference; fileEncoding = 4; lastKnownFileType = sourcecode.swift; path = NeedleGenerated.swift; sourceTree = "<group>"; };
		B85BE06927CB1B9200EDD566 /* RootComponent.swift */ = {isa = PBXFileReference; lastKnownFileType = sourcecode.swift; path = RootComponent.swift; sourceTree = "<group>"; };
		B86CE2762778A81A00D0D1C4 /* Pokedex.app */ = {isa = PBXFileReference; explicitFileType = wrapper.application; includeInIndex = 0; path = Pokedex.app; sourceTree = BUILT_PRODUCTS_DIR; };
		B86CE2792778A81A00D0D1C4 /* PokedexApp.swift */ = {isa = PBXFileReference; lastKnownFileType = sourcecode.swift; path = PokedexApp.swift; sourceTree = "<group>"; };
		B86CE2802778A81C00D0D1C4 /* Preview Assets.xcassets */ = {isa = PBXFileReference; lastKnownFileType = folder.assetcatalog; path = "Preview Assets.xcassets"; sourceTree = "<group>"; };
		B86CE2862778A81C00D0D1C4 /* PokedexTests.xctest */ = {isa = PBXFileReference; explicitFileType = wrapper.cfbundle; includeInIndex = 0; path = PokedexTests.xctest; sourceTree = BUILT_PRODUCTS_DIR; };
		B86CE28A2778A81C00D0D1C4 /* PokedexTests.swift */ = {isa = PBXFileReference; lastKnownFileType = sourcecode.swift; path = PokedexTests.swift; sourceTree = "<group>"; };
		B8D1AD2527D10B8700E4BABF /* PokemonDetailSandboxApp.swift */ = {isa = PBXFileReference; lastKnownFileType = sourcecode.swift; path = PokemonDetailSandboxApp.swift; sourceTree = "<group>"; };
		B8D1AD2727D10B8800E4BABF /* Assets.xcassets */ = {isa = PBXFileReference; lastKnownFileType = folder.assetcatalog; path = Assets.xcassets; sourceTree = "<group>"; };
		B8D1AD2C27D10B8800E4BABF /* PokemonDetailSandbox.app */ = {isa = PBXFileReference; explicitFileType = wrapper.application; includeInIndex = 0; path = PokemonDetailSandbox.app; sourceTree = BUILT_PRODUCTS_DIR; };
		B8D1AD4227D10D1200E4BABF /* RootComponent.swift */ = {isa = PBXFileReference; lastKnownFileType = sourcecode.swift; path = RootComponent.swift; sourceTree = "<group>"; };
		B8D1AD5427D111BE00E4BABF /* NeedleGenerated.swift */ = {isa = PBXFileReference; fileEncoding = 4; lastKnownFileType = sourcecode.swift; path = NeedleGenerated.swift; sourceTree = "<group>"; };
/* End PBXFileReference section */

/* Begin PBXFrameworksBuildPhase section */
		B86CE2732778A81A00D0D1C4 /* Frameworks */ = {
			isa = PBXFrameworksBuildPhase;
			buildActionMask = 2147483647;
			files = (
				B834072927C5F3D700E1A585 /* Entity in Frameworks */,
				B834072B27C5F3D700E1A585 /* Repository in Frameworks */,
				B814274227CD09FB0099E1B3 /* DI in Frameworks */,
				B834072727C5F3D700E1A585 /* DesignSystem in Frameworks */,
				B834072D27C5F3D700E1A585 /* UseCase in Frameworks */,
				B845207727D06F150067081D /* Core in Frameworks */,
				B814274427CD0D970099E1B3 /* Features in Frameworks */,
				B834073127C5F3D700E1A585 /* Infra in Frameworks */,
			);
			runOnlyForDeploymentPostprocessing = 0;
		};
		B86CE2832778A81C00D0D1C4 /* Frameworks */ = {
			isa = PBXFrameworksBuildPhase;
			buildActionMask = 2147483647;
			files = (
			);
			runOnlyForDeploymentPostprocessing = 0;
		};
		B8D1AD2927D10B8800E4BABF /* Frameworks */ = {
			isa = PBXFrameworksBuildPhase;
			buildActionMask = 2147483647;
			files = (
				B8D1AD4927D10FD900E4BABF /* UseCase in Frameworks */,
				B8D1AD4727D10FD900E4BABF /* Repository in Frameworks */,
				B8D1AD4D27D10FD900E4BABF /* Features in Frameworks */,
				B8D1AD4F27D10FD900E4BABF /* Infra in Frameworks */,
				B8D1AD4527D10FD900E4BABF /* Entity in Frameworks */,
				B8D1AD5127D1108000E4BABF /* Core in Frameworks */,
				B8D1AD4B27D10FD900E4BABF /* DI in Frameworks */,
			);
			runOnlyForDeploymentPostprocessing = 0;
		};
/* End PBXFrameworksBuildPhase section */

/* Begin PBXGroup section */
		B82D0E4D2796FF94000A09DC /* Resources */ = {
			isa = PBXGroup;
			children = (
				B81B747F27BFDC2F0015C280 /* Assets.xcassets */,
			);
			path = Resources;
			sourceTree = "<group>";
		};
		B82D0E4F2797008B000A09DC /* Generated */ = {
			isa = PBXGroup;
			children = (
				B85BE06727CA878600EDD566 /* NeedleGenerated.swift */,
				B81B748127BFE0D50015C280 /* PreviewAssets.swift */,
			);
			path = Generated;
			sourceTree = "<group>";
		};
		B85500F127CA566A001EC32E /* DI */ = {
			isa = PBXGroup;
			children = (
				B85BE06927CB1B9200EDD566 /* RootComponent.swift */,
			);
			path = DI;
			sourceTree = "<group>";
		};
		B86CE26D2778A81A00D0D1C4 = {
			isa = PBXGroup;
			children = (
				B86CE2782778A81A00D0D1C4 /* Pokedex */,
				B86CE2892778A81C00D0D1C4 /* PokedexTests */,
				B8D1AD2427D10B8700E4BABF /* PokemonDetailSandbox */,
				B86CE2772778A81A00D0D1C4 /* Products */,
				B875F6B2277CA65600F9F6E0 /* Frameworks */,
			);
			sourceTree = "<group>";
		};
		B86CE2772778A81A00D0D1C4 /* Products */ = {
			isa = PBXGroup;
			children = (
				B86CE2762778A81A00D0D1C4 /* Pokedex.app */,
				B86CE2862778A81C00D0D1C4 /* PokedexTests.xctest */,
				B8D1AD2C27D10B8800E4BABF /* PokemonDetailSandbox.app */,
			);
			name = Products;
			sourceTree = "<group>";
		};
		B86CE2782778A81A00D0D1C4 /* Pokedex */ = {
			isa = PBXGroup;
			children = (
				B86CE2792778A81A00D0D1C4 /* PokedexApp.swift */,
				B85500F127CA566A001EC32E /* DI */,
				B82D0E4F2797008B000A09DC /* Generated */,
				B82D0E4D2796FF94000A09DC /* Resources */,
				B86CE27F2778A81C00D0D1C4 /* Preview Content */,
			);
			path = Pokedex;
			sourceTree = "<group>";
		};
		B86CE27F2778A81C00D0D1C4 /* Preview Content */ = {
			isa = PBXGroup;
			children = (
				B86CE2802778A81C00D0D1C4 /* Preview Assets.xcassets */,
			);
			path = "Preview Content";
			sourceTree = "<group>";
		};
		B86CE2892778A81C00D0D1C4 /* PokedexTests */ = {
			isa = PBXGroup;
			children = (
				B86CE28A2778A81C00D0D1C4 /* PokedexTests.swift */,
			);
			path = PokedexTests;
			sourceTree = "<group>";
		};
		B875F6B2277CA65600F9F6E0 /* Frameworks */ = {
			isa = PBXGroup;
			children = (
			);
			name = Frameworks;
			sourceTree = "<group>";
		};
		B8D1AD2427D10B8700E4BABF /* PokemonDetailSandbox */ = {
			isa = PBXGroup;
			children = (
				B8D1AD2527D10B8700E4BABF /* PokemonDetailSandboxApp.swift */,
				B8D1AD4027D10C6000E4BABF /* DI */,
				B8D1AD5227D110CF00E4BABF /* Generated */,
				B8D1AD4127D10C7400E4BABF /* Resources */,
			);
			path = PokemonDetailSandbox;
			sourceTree = "<group>";
		};
		B8D1AD4027D10C6000E4BABF /* DI */ = {
			isa = PBXGroup;
			children = (
				B8D1AD4227D10D1200E4BABF /* RootComponent.swift */,
			);
			path = DI;
			sourceTree = "<group>";
		};
		B8D1AD4127D10C7400E4BABF /* Resources */ = {
			isa = PBXGroup;
			children = (
				B8D1AD2727D10B8800E4BABF /* Assets.xcassets */,
			);
			path = Resources;
			sourceTree = "<group>";
		};
		B8D1AD5227D110CF00E4BABF /* Generated */ = {
			isa = PBXGroup;
			children = (
				B8D1AD5427D111BE00E4BABF /* NeedleGenerated.swift */,
			);
			path = Generated;
			sourceTree = "<group>";
		};
/* End PBXGroup section */

/* Begin PBXNativeTarget section */
		B86CE2752778A81A00D0D1C4 /* Pokedex */ = {
			isa = PBXNativeTarget;
			buildConfigurationList = B86CE29A2778A81C00D0D1C4 /* Build configuration list for PBXNativeTarget "Pokedex" */;
			buildPhases = (
				B82D0E5227970295000A09DC /* Run SwiftGen */,
				B8113C9527A6DA9E0038FEFB /* Run Sourcery */,
				B85BE06627CA856300EDD566 /* Run Needle */,
				B86CE2722778A81A00D0D1C4 /* Sources */,
				B86CE2732778A81A00D0D1C4 /* Frameworks */,
				B86CE2742778A81A00D0D1C4 /* Resources */,
			);
			buildRules = (
			);
			dependencies = (
			);
			name = Pokedex;
			packageProductDependencies = (
				B834072627C5F3D700E1A585 /* DesignSystem */,
				B834072827C5F3D700E1A585 /* Entity */,
				B834072A27C5F3D700E1A585 /* Repository */,
				B834072C27C5F3D700E1A585 /* UseCase */,
				B834073027C5F3D700E1A585 /* Infra */,
				B814274127CD09FB0099E1B3 /* DI */,
				B814274327CD0D970099E1B3 /* Features */,
				B845207627D06F150067081D /* Core */,
			);
			productName = Pokedex;
			productReference = B86CE2762778A81A00D0D1C4 /* Pokedex.app */;
			productType = "com.apple.product-type.application";
		};
		B86CE2852778A81C00D0D1C4 /* PokedexTests */ = {
			isa = PBXNativeTarget;
			buildConfigurationList = B86CE29D2778A81C00D0D1C4 /* Build configuration list for PBXNativeTarget "PokedexTests" */;
			buildPhases = (
				B86CE2822778A81C00D0D1C4 /* Sources */,
				B86CE2832778A81C00D0D1C4 /* Frameworks */,
				B86CE2842778A81C00D0D1C4 /* Resources */,
			);
			buildRules = (
			);
			dependencies = (
				B86CE2882778A81C00D0D1C4 /* PBXTargetDependency */,
			);
			name = PokedexTests;
			productName = PokedexTests;
			productReference = B86CE2862778A81C00D0D1C4 /* PokedexTests.xctest */;
			productType = "com.apple.product-type.bundle.unit-test";
		};
		B8D1AD2B27D10B8800E4BABF /* PokemonDetailSandbox */ = {
			isa = PBXNativeTarget;
			buildConfigurationList = B8D1AD3E27D10B8800E4BABF /* Build configuration list for PBXNativeTarget "PokemonDetailSandbox" */;
			buildPhases = (
				B8D1AD2827D10B8800E4BABF /* Sources */,
				B8D1AD2927D10B8800E4BABF /* Frameworks */,
				B8D1AD2A27D10B8800E4BABF /* Resources */,
				B8D1AD5327D1111100E4BABF /* Run Needle */,
			);
			buildRules = (
			);
			dependencies = (
			);
			name = PokemonDetailSandbox;
			packageProductDependencies = (
				B8D1AD4427D10FD900E4BABF /* Entity */,
				B8D1AD4627D10FD900E4BABF /* Repository */,
				B8D1AD4827D10FD900E4BABF /* UseCase */,
				B8D1AD4A27D10FD900E4BABF /* DI */,
				B8D1AD4C27D10FD900E4BABF /* Features */,
				B8D1AD4E27D10FD900E4BABF /* Infra */,
				B8D1AD5027D1108000E4BABF /* Core */,
			);
			productName = "PokemonDetailSandbox";
			productReference = B8D1AD2C27D10B8800E4BABF /* PokemonDetailSandbox.app */;
			productType = "com.apple.product-type.application";
		};
/* End PBXNativeTarget section */

/* Begin PBXProject section */
		B86CE26E2778A81A00D0D1C4 /* Project object */ = {
			isa = PBXProject;
			attributes = {
				BuildIndependentTargetsInParallel = 1;
				LastSwiftUpdateCheck = 1330;
				LastUpgradeCheck = 1320;
				TargetAttributes = {
					B86CE2752778A81A00D0D1C4 = {
						CreatedOnToolsVersion = 13.2.1;
					};
					B86CE2852778A81C00D0D1C4 = {
						CreatedOnToolsVersion = 13.2.1;
						TestTargetID = B86CE2752778A81A00D0D1C4;
					};
					B8D1AD2B27D10B8800E4BABF = {
						CreatedOnToolsVersion = 13.3;
					};
				};
			};
			buildConfigurationList = B86CE2712778A81A00D0D1C4 /* Build configuration list for PBXProject "Pokedex" */;
			compatibilityVersion = "Xcode 13.0";
			developmentRegion = en;
			hasScannedForEncodings = 0;
			knownRegions = (
				en,
				Base,
			);
			mainGroup = B86CE26D2778A81A00D0D1C4;
			packageReferences = (
			);
			productRefGroup = B86CE2772778A81A00D0D1C4 /* Products */;
			projectDirPath = "";
			projectRoot = "";
			targets = (
				B86CE2752778A81A00D0D1C4 /* Pokedex */,
				B86CE2852778A81C00D0D1C4 /* PokedexTests */,
				B8D1AD2B27D10B8800E4BABF /* PokemonDetailSandbox */,
			);
		};
/* End PBXProject section */

/* Begin PBXResourcesBuildPhase section */
		B86CE2742778A81A00D0D1C4 /* Resources */ = {
			isa = PBXResourcesBuildPhase;
			buildActionMask = 2147483647;
			files = (
				B86CE2812778A81C00D0D1C4 /* Preview Assets.xcassets in Resources */,
				B81B748027BFDC2F0015C280 /* Assets.xcassets in Resources */,
			);
			runOnlyForDeploymentPostprocessing = 0;
		};
		B86CE2842778A81C00D0D1C4 /* Resources */ = {
			isa = PBXResourcesBuildPhase;
			buildActionMask = 2147483647;
			files = (
			);
			runOnlyForDeploymentPostprocessing = 0;
		};
		B8D1AD2A27D10B8800E4BABF /* Resources */ = {
			isa = PBXResourcesBuildPhase;
			buildActionMask = 2147483647;
			files = (
				B8D1AD3827D10B8800E4BABF /* Assets.xcassets in Resources */,
			);
			runOnlyForDeploymentPostprocessing = 0;
		};
/* End PBXResourcesBuildPhase section */

/* Begin PBXShellScriptBuildPhase section */
		B8113C9527A6DA9E0038FEFB /* Run Sourcery */ = {
			isa = PBXShellScriptBuildPhase;
			buildActionMask = 2147483647;
			files = (
			);
			inputFileListPaths = (
			);
			inputPaths = (
			);
			name = "Run Sourcery";
			outputFileListPaths = (
			);
			outputPaths = (
			);
			runOnlyForDeploymentPostprocessing = 0;
			shellPath = /bin/sh;
			shellScript = "if [ `uname -m` == 'arm64' ] && [ -d /opt/homebrew/bin/ ]; then\n  export PATH=/opt/homebrew/bin:$PATH\nfi\n\nSDKROOT=$(xcrun --sdk macosx --show-sdk-path)\nmint run sourcery\n";
		};
		B82D0E5227970295000A09DC /* Run SwiftGen */ = {
			isa = PBXShellScriptBuildPhase;
			buildActionMask = 2147483647;
			files = (
			);
			inputFileListPaths = (
			);
			inputPaths = (
			);
			name = "Run SwiftGen";
			outputFileListPaths = (
			);
			outputPaths = (
			);
			runOnlyForDeploymentPostprocessing = 0;
			shellPath = /bin/sh;
			shellScript = "if [ `uname -m` == 'arm64' ] && [ -d /opt/homebrew/bin/ ]; then\n  export PATH=/opt/homebrew/bin:$PATH\nfi\n\nSDKROOT=$(xcrun --sdk macosx --show-sdk-path)\nmint run swiftgen\n";
		};
		B85BE06627CA856300EDD566 /* Run Needle */ = {
			isa = PBXShellScriptBuildPhase;
			buildActionMask = 2147483647;
			files = (
			);
			inputFileListPaths = (
			);
			inputPaths = (
			);
			name = "Run Needle";
			outputFileListPaths = (
			);
			outputPaths = (
			);
			runOnlyForDeploymentPostprocessing = 0;
			shellPath = /bin/sh;
			shellScript = "if [ `uname -m` == 'arm64' ] && [ -d /opt/homebrew/bin/ ]; then\n  export PATH=/opt/homebrew/bin:$PATH\nfi\n\nexport SOURCEKIT_LOGGING=0 && \\\nneedle generate $SRCROOT/Pokedex/Generated/NeedleGenerated.swift \\\n    $SRCROOT/Pokedex/ \\\n    $SRCROOT/Feature/ \\\n";
		};
		B8D1AD5327D1111100E4BABF /* Run Needle */ = {
			isa = PBXShellScriptBuildPhase;
			buildActionMask = 2147483647;
			files = (
			);
			inputFileListPaths = (
			);
			inputPaths = (
			);
			name = "Run Needle";
			outputFileListPaths = (
			);
			outputPaths = (
			);
			runOnlyForDeploymentPostprocessing = 0;
			shellPath = /bin/sh;
			shellScript = "if [ `uname -m` == 'arm64' ] && [ -d /opt/homebrew/bin/ ]; then\n  export PATH=/opt/homebrew/bin:$PATH\nfi\n\nexport SOURCEKIT_LOGGING=0 && \\\nneedle generate $SRCROOT/PokemonDetailSandbox/Generated/NeedleGenerated.swift \\\n    $SRCROOT/PokemonDetailSandbox/DI/ \\\n    $SRCROOT/Feature/\n";
		};
/* End PBXShellScriptBuildPhase section */

/* Begin PBXSourcesBuildPhase section */
		B86CE2722778A81A00D0D1C4 /* Sources */ = {
			isa = PBXSourcesBuildPhase;
			buildActionMask = 2147483647;
			files = (
				B85BE06827CA878600EDD566 /* NeedleGenerated.swift in Sources */,
				B85BE06A27CB1B9200EDD566 /* RootComponent.swift in Sources */,
				B81B748227BFE0D50015C280 /* PreviewAssets.swift in Sources */,
				B86CE27A2778A81A00D0D1C4 /* PokedexApp.swift in Sources */,
			);
			runOnlyForDeploymentPostprocessing = 0;
		};
		B86CE2822778A81C00D0D1C4 /* Sources */ = {
			isa = PBXSourcesBuildPhase;
			buildActionMask = 2147483647;
			files = (
				B86CE28B2778A81C00D0D1C4 /* PokedexTests.swift in Sources */,
			);
			runOnlyForDeploymentPostprocessing = 0;
		};
		B8D1AD2827D10B8800E4BABF /* Sources */ = {
			isa = PBXSourcesBuildPhase;
			buildActionMask = 2147483647;
			files = (
				B8D1AD4327D10D1200E4BABF /* RootComponent.swift in Sources */,
				B8D1AD3427D10B8800E4BABF /* PokemonDetailSandboxApp.swift in Sources */,
				B8D1AD5527D111BE00E4BABF /* NeedleGenerated.swift in Sources */,
			);
			runOnlyForDeploymentPostprocessing = 0;
		};
/* End PBXSourcesBuildPhase section */

/* Begin PBXTargetDependency section */
		B86CE2882778A81C00D0D1C4 /* PBXTargetDependency */ = {
			isa = PBXTargetDependency;
			target = B86CE2752778A81A00D0D1C4 /* Pokedex */;
			targetProxy = B86CE2872778A81C00D0D1C4 /* PBXContainerItemProxy */;
		};
/* End PBXTargetDependency section */

/* Begin XCBuildConfiguration section */
		B86CE2982778A81C00D0D1C4 /* Debug */ = {
			isa = XCBuildConfiguration;
			buildSettings = {
				ALWAYS_SEARCH_USER_PATHS = NO;
				CLANG_ANALYZER_NONNULL = YES;
				CLANG_ANALYZER_NUMBER_OBJECT_CONVERSION = YES_AGGRESSIVE;
				CLANG_CXX_LANGUAGE_STANDARD = "gnu++17";
				CLANG_CXX_LIBRARY = "libc++";
				CLANG_ENABLE_MODULES = YES;
				CLANG_ENABLE_OBJC_ARC = YES;
				CLANG_ENABLE_OBJC_WEAK = YES;
				CLANG_WARN_BLOCK_CAPTURE_AUTORELEASING = YES;
				CLANG_WARN_BOOL_CONVERSION = YES;
				CLANG_WARN_COMMA = YES;
				CLANG_WARN_CONSTANT_CONVERSION = YES;
				CLANG_WARN_DEPRECATED_OBJC_IMPLEMENTATIONS = YES;
				CLANG_WARN_DIRECT_OBJC_ISA_USAGE = YES_ERROR;
				CLANG_WARN_DOCUMENTATION_COMMENTS = YES;
				CLANG_WARN_EMPTY_BODY = YES;
				CLANG_WARN_ENUM_CONVERSION = YES;
				CLANG_WARN_INFINITE_RECURSION = YES;
				CLANG_WARN_INT_CONVERSION = YES;
				CLANG_WARN_NON_LITERAL_NULL_CONVERSION = YES;
				CLANG_WARN_OBJC_IMPLICIT_RETAIN_SELF = YES;
				CLANG_WARN_OBJC_LITERAL_CONVERSION = YES;
				CLANG_WARN_OBJC_ROOT_CLASS = YES_ERROR;
				CLANG_WARN_QUOTED_INCLUDE_IN_FRAMEWORK_HEADER = YES;
				CLANG_WARN_RANGE_LOOP_ANALYSIS = YES;
				CLANG_WARN_STRICT_PROTOTYPES = YES;
				CLANG_WARN_SUSPICIOUS_MOVE = YES;
				CLANG_WARN_UNGUARDED_AVAILABILITY = YES_AGGRESSIVE;
				CLANG_WARN_UNREACHABLE_CODE = YES;
				CLANG_WARN__DUPLICATE_METHOD_MATCH = YES;
				COPY_PHASE_STRIP = NO;
				DEBUG_INFORMATION_FORMAT = dwarf;
				ENABLE_STRICT_OBJC_MSGSEND = YES;
				ENABLE_TESTABILITY = YES;
				GCC_C_LANGUAGE_STANDARD = gnu11;
				GCC_DYNAMIC_NO_PIC = NO;
				GCC_NO_COMMON_BLOCKS = YES;
				GCC_OPTIMIZATION_LEVEL = 0;
				GCC_PREPROCESSOR_DEFINITIONS = (
					"DEBUG=1",
					"$(inherited)",
				);
				GCC_WARN_64_TO_32_BIT_CONVERSION = YES;
				GCC_WARN_ABOUT_RETURN_TYPE = YES_ERROR;
				GCC_WARN_UNDECLARED_SELECTOR = YES;
				GCC_WARN_UNINITIALIZED_AUTOS = YES_AGGRESSIVE;
				GCC_WARN_UNUSED_FUNCTION = YES;
				GCC_WARN_UNUSED_VARIABLE = YES;
				IPHONEOS_DEPLOYMENT_TARGET = 15.2;
				MTL_ENABLE_DEBUG_INFO = INCLUDE_SOURCE;
				MTL_FAST_MATH = YES;
				ONLY_ACTIVE_ARCH = YES;
				SDKROOT = iphoneos;
				SWIFT_ACTIVE_COMPILATION_CONDITIONS = DEBUG;
				SWIFT_OPTIMIZATION_LEVEL = "-Onone";
			};
			name = Debug;
		};
		B86CE2992778A81C00D0D1C4 /* Release */ = {
			isa = XCBuildConfiguration;
			buildSettings = {
				ALWAYS_SEARCH_USER_PATHS = NO;
				CLANG_ANALYZER_NONNULL = YES;
				CLANG_ANALYZER_NUMBER_OBJECT_CONVERSION = YES_AGGRESSIVE;
				CLANG_CXX_LANGUAGE_STANDARD = "gnu++17";
				CLANG_CXX_LIBRARY = "libc++";
				CLANG_ENABLE_MODULES = YES;
				CLANG_ENABLE_OBJC_ARC = YES;
				CLANG_ENABLE_OBJC_WEAK = YES;
				CLANG_WARN_BLOCK_CAPTURE_AUTORELEASING = YES;
				CLANG_WARN_BOOL_CONVERSION = YES;
				CLANG_WARN_COMMA = YES;
				CLANG_WARN_CONSTANT_CONVERSION = YES;
				CLANG_WARN_DEPRECATED_OBJC_IMPLEMENTATIONS = YES;
				CLANG_WARN_DIRECT_OBJC_ISA_USAGE = YES_ERROR;
				CLANG_WARN_DOCUMENTATION_COMMENTS = YES;
				CLANG_WARN_EMPTY_BODY = YES;
				CLANG_WARN_ENUM_CONVERSION = YES;
				CLANG_WARN_INFINITE_RECURSION = YES;
				CLANG_WARN_INT_CONVERSION = YES;
				CLANG_WARN_NON_LITERAL_NULL_CONVERSION = YES;
				CLANG_WARN_OBJC_IMPLICIT_RETAIN_SELF = YES;
				CLANG_WARN_OBJC_LITERAL_CONVERSION = YES;
				CLANG_WARN_OBJC_ROOT_CLASS = YES_ERROR;
				CLANG_WARN_QUOTED_INCLUDE_IN_FRAMEWORK_HEADER = YES;
				CLANG_WARN_RANGE_LOOP_ANALYSIS = YES;
				CLANG_WARN_STRICT_PROTOTYPES = YES;
				CLANG_WARN_SUSPICIOUS_MOVE = YES;
				CLANG_WARN_UNGUARDED_AVAILABILITY = YES_AGGRESSIVE;
				CLANG_WARN_UNREACHABLE_CODE = YES;
				CLANG_WARN__DUPLICATE_METHOD_MATCH = YES;
				COPY_PHASE_STRIP = NO;
				DEBUG_INFORMATION_FORMAT = "dwarf-with-dsym";
				ENABLE_NS_ASSERTIONS = NO;
				ENABLE_STRICT_OBJC_MSGSEND = YES;
				GCC_C_LANGUAGE_STANDARD = gnu11;
				GCC_NO_COMMON_BLOCKS = YES;
				GCC_WARN_64_TO_32_BIT_CONVERSION = YES;
				GCC_WARN_ABOUT_RETURN_TYPE = YES_ERROR;
				GCC_WARN_UNDECLARED_SELECTOR = YES;
				GCC_WARN_UNINITIALIZED_AUTOS = YES_AGGRESSIVE;
				GCC_WARN_UNUSED_FUNCTION = YES;
				GCC_WARN_UNUSED_VARIABLE = YES;
				IPHONEOS_DEPLOYMENT_TARGET = 15.2;
				MTL_ENABLE_DEBUG_INFO = NO;
				MTL_FAST_MATH = YES;
				SDKROOT = iphoneos;
				SWIFT_COMPILATION_MODE = wholemodule;
				SWIFT_OPTIMIZATION_LEVEL = "-O";
				VALIDATE_PRODUCT = YES;
			};
			name = Release;
		};
		B86CE29B2778A81C00D0D1C4 /* Debug */ = {
			isa = XCBuildConfiguration;
			buildSettings = {
				ASSETCATALOG_COMPILER_APPICON_NAME = AppIcon;
				ASSETCATALOG_COMPILER_GLOBAL_ACCENT_COLOR_NAME = AccentColor;
				ASSETCATALOG_COMPILER_INCLUDE_ALL_APPICON_ASSETS = NO;
				CODE_SIGN_STYLE = Automatic;
				CURRENT_PROJECT_VERSION = 1;
				DEVELOPMENT_ASSET_PATHS = "\"Pokedex/Preview Content\"";
				DEVELOPMENT_TEAM = 8RYHZQ93KG;
				ENABLE_PREVIEWS = YES;
				EXCLUDED_ARCHS = "";
				"EXCLUDED_ARCHS[sdk=iphonesimulator*]" = x86_64;
				GENERATE_INFOPLIST_FILE = YES;
				INFOPLIST_KEY_UIApplicationSceneManifest_Generation = YES;
				INFOPLIST_KEY_UIApplicationSupportsIndirectInputEvents = YES;
				INFOPLIST_KEY_UILaunchScreen_Generation = YES;
				INFOPLIST_KEY_UISupportedInterfaceOrientations_iPad = "UIInterfaceOrientationPortrait UIInterfaceOrientationPortraitUpsideDown UIInterfaceOrientationLandscapeLeft UIInterfaceOrientationLandscapeRight";
				INFOPLIST_KEY_UISupportedInterfaceOrientations_iPhone = "UIInterfaceOrientationPortrait UIInterfaceOrientationLandscapeLeft UIInterfaceOrientationLandscapeRight";
				IPHONEOS_DEPLOYMENT_TARGET = 15.0;
				LD_RUNPATH_SEARCH_PATHS = (
					"$(inherited)",
					"@executable_path/Frameworks",
				);
				MARKETING_VERSION = 1.0;
				OTHER_SWIFT_FLAGS = "-Xfrontend -warn-concurrency -Xfrontend -enable-actor-data-race-checks";
				PRODUCT_BUNDLE_IDENTIFIER = com.hicka04.Pokedex;
				PRODUCT_NAME = "$(TARGET_NAME)";
				SWIFT_EMIT_LOC_STRINGS = YES;
				SWIFT_VERSION = 5.0;
				TARGETED_DEVICE_FAMILY = "1,2";
			};
			name = Debug;
		};
		B86CE29C2778A81C00D0D1C4 /* Release */ = {
			isa = XCBuildConfiguration;
			buildSettings = {
				ASSETCATALOG_COMPILER_APPICON_NAME = AppIcon;
				ASSETCATALOG_COMPILER_GLOBAL_ACCENT_COLOR_NAME = AccentColor;
				ASSETCATALOG_COMPILER_INCLUDE_ALL_APPICON_ASSETS = NO;
				CODE_SIGN_STYLE = Automatic;
				CURRENT_PROJECT_VERSION = 1;
				DEVELOPMENT_ASSET_PATHS = "\"Pokedex/Preview Content\"";
				DEVELOPMENT_TEAM = 8RYHZQ93KG;
				ENABLE_PREVIEWS = YES;
				EXCLUDED_ARCHS = "";
				"EXCLUDED_ARCHS[sdk=iphonesimulator*]" = x86_64;
				GENERATE_INFOPLIST_FILE = YES;
				INFOPLIST_KEY_UIApplicationSceneManifest_Generation = YES;
				INFOPLIST_KEY_UIApplicationSupportsIndirectInputEvents = YES;
				INFOPLIST_KEY_UILaunchScreen_Generation = YES;
				INFOPLIST_KEY_UISupportedInterfaceOrientations_iPad = "UIInterfaceOrientationPortrait UIInterfaceOrientationPortraitUpsideDown UIInterfaceOrientationLandscapeLeft UIInterfaceOrientationLandscapeRight";
				INFOPLIST_KEY_UISupportedInterfaceOrientations_iPhone = "UIInterfaceOrientationPortrait UIInterfaceOrientationLandscapeLeft UIInterfaceOrientationLandscapeRight";
				IPHONEOS_DEPLOYMENT_TARGET = 15.0;
				LD_RUNPATH_SEARCH_PATHS = (
					"$(inherited)",
					"@executable_path/Frameworks",
				);
				MARKETING_VERSION = 1.0;
				OTHER_SWIFT_FLAGS = "-Xfrontend -warn-concurrency -Xfrontend -enable-actor-data-race-checks";
				PRODUCT_BUNDLE_IDENTIFIER = com.hicka04.Pokedex;
				PRODUCT_NAME = "$(TARGET_NAME)";
				SWIFT_EMIT_LOC_STRINGS = YES;
				SWIFT_VERSION = 5.0;
				TARGETED_DEVICE_FAMILY = "1,2";
			};
			name = Release;
		};
		B86CE29E2778A81C00D0D1C4 /* Debug */ = {
			isa = XCBuildConfiguration;
			buildSettings = {
				ALWAYS_EMBED_SWIFT_STANDARD_LIBRARIES = YES;
				BUNDLE_LOADER = "$(TEST_HOST)";
				CODE_SIGN_STYLE = Automatic;
				CURRENT_PROJECT_VERSION = 1;
				DEVELOPMENT_TEAM = 8RYHZQ93KG;
				GENERATE_INFOPLIST_FILE = YES;
				IPHONEOS_DEPLOYMENT_TARGET = 15.2;
				MARKETING_VERSION = 1.0;
				PRODUCT_BUNDLE_IDENTIFIER = com.hicka04.PokedexTests;
				PRODUCT_NAME = "$(TARGET_NAME)";
				SWIFT_EMIT_LOC_STRINGS = NO;
				SWIFT_VERSION = 5.0;
				TARGETED_DEVICE_FAMILY = "1,2";
				TEST_HOST = "$(BUILT_PRODUCTS_DIR)/Pokedex.app/Pokedex";
			};
			name = Debug;
		};
		B86CE29F2778A81C00D0D1C4 /* Release */ = {
			isa = XCBuildConfiguration;
			buildSettings = {
				ALWAYS_EMBED_SWIFT_STANDARD_LIBRARIES = YES;
				BUNDLE_LOADER = "$(TEST_HOST)";
				CODE_SIGN_STYLE = Automatic;
				CURRENT_PROJECT_VERSION = 1;
				DEVELOPMENT_TEAM = 8RYHZQ93KG;
				GENERATE_INFOPLIST_FILE = YES;
				IPHONEOS_DEPLOYMENT_TARGET = 15.2;
				MARKETING_VERSION = 1.0;
				PRODUCT_BUNDLE_IDENTIFIER = com.hicka04.PokedexTests;
				PRODUCT_NAME = "$(TARGET_NAME)";
				SWIFT_EMIT_LOC_STRINGS = NO;
				SWIFT_VERSION = 5.0;
				TARGETED_DEVICE_FAMILY = "1,2";
				TEST_HOST = "$(BUILT_PRODUCTS_DIR)/Pokedex.app/Pokedex";
			};
			name = Release;
		};
		B8D1AD3A27D10B8800E4BABF /* Debug */ = {
			isa = XCBuildConfiguration;
			buildSettings = {
				ASSETCATALOG_COMPILER_APPICON_NAME = AppIcon;
				ASSETCATALOG_COMPILER_GLOBAL_ACCENT_COLOR_NAME = AccentColor;
				CODE_SIGN_STYLE = Automatic;
				CURRENT_PROJECT_VERSION = 1;
				DEVELOPMENT_TEAM = 8RYHZQ93KG;
				ENABLE_PREVIEWS = YES;
				GENERATE_INFOPLIST_FILE = YES;
				INFOPLIST_KEY_UIApplicationSceneManifest_Generation = YES;
				INFOPLIST_KEY_UIApplicationSupportsIndirectInputEvents = YES;
				INFOPLIST_KEY_UILaunchScreen_Generation = YES;
				INFOPLIST_KEY_UISupportedInterfaceOrientations_iPad = "UIInterfaceOrientationPortrait UIInterfaceOrientationPortraitUpsideDown UIInterfaceOrientationLandscapeLeft UIInterfaceOrientationLandscapeRight";
				INFOPLIST_KEY_UISupportedInterfaceOrientations_iPhone = "UIInterfaceOrientationPortrait UIInterfaceOrientationLandscapeLeft UIInterfaceOrientationLandscapeRight";
				IPHONEOS_DEPLOYMENT_TARGET = 15.4;
				LD_RUNPATH_SEARCH_PATHS = (
					"$(inherited)",
					"@executable_path/Frameworks",
				);
				MARKETING_VERSION = 1.0;
				PRODUCT_BUNDLE_IDENTIFIER = com.hicka04.PokemonDetailSandbox;
				PRODUCT_NAME = PokemonDetailSandbox;
				SDKROOT = iphoneos;
				SWIFT_EMIT_LOC_STRINGS = YES;
				SWIFT_VERSION = 5.0;
				TARGETED_DEVICE_FAMILY = "1,2";
			};
			name = Debug;
		};
		B8D1AD3B27D10B8800E4BABF /* Release */ = {
			isa = XCBuildConfiguration;
			buildSettings = {
				ASSETCATALOG_COMPILER_APPICON_NAME = AppIcon;
				ASSETCATALOG_COMPILER_GLOBAL_ACCENT_COLOR_NAME = AccentColor;
				CODE_SIGN_STYLE = Automatic;
				CURRENT_PROJECT_VERSION = 1;
				DEVELOPMENT_TEAM = 8RYHZQ93KG;
				ENABLE_PREVIEWS = YES;
				GENERATE_INFOPLIST_FILE = YES;
				INFOPLIST_KEY_UIApplicationSceneManifest_Generation = YES;
				INFOPLIST_KEY_UIApplicationSupportsIndirectInputEvents = YES;
				INFOPLIST_KEY_UILaunchScreen_Generation = YES;
				INFOPLIST_KEY_UISupportedInterfaceOrientations_iPad = "UIInterfaceOrientationPortrait UIInterfaceOrientationPortraitUpsideDown UIInterfaceOrientationLandscapeLeft UIInterfaceOrientationLandscapeRight";
				INFOPLIST_KEY_UISupportedInterfaceOrientations_iPhone = "UIInterfaceOrientationPortrait UIInterfaceOrientationLandscapeLeft UIInterfaceOrientationLandscapeRight";
				IPHONEOS_DEPLOYMENT_TARGET = 15.4;
				LD_RUNPATH_SEARCH_PATHS = (
					"$(inherited)",
					"@executable_path/Frameworks",
				);
				MARKETING_VERSION = 1.0;
				PRODUCT_BUNDLE_IDENTIFIER = com.hicka04.PokemonDetailSandbox;
				PRODUCT_NAME = PokemonDetailSandbox;
				SDKROOT = iphoneos;
				SWIFT_EMIT_LOC_STRINGS = YES;
				SWIFT_VERSION = 5.0;
				TARGETED_DEVICE_FAMILY = "1,2";
				VALIDATE_PRODUCT = YES;
			};
			name = Release;
		};
/* End XCBuildConfiguration section */

/* Begin XCConfigurationList section */
		B86CE2712778A81A00D0D1C4 /* Build configuration list for PBXProject "Pokedex" */ = {
			isa = XCConfigurationList;
			buildConfigurations = (
				B86CE2982778A81C00D0D1C4 /* Debug */,
				B86CE2992778A81C00D0D1C4 /* Release */,
			);
			defaultConfigurationIsVisible = 0;
			defaultConfigurationName = Release;
		};
		B86CE29A2778A81C00D0D1C4 /* Build configuration list for PBXNativeTarget "Pokedex" */ = {
			isa = XCConfigurationList;
			buildConfigurations = (
				B86CE29B2778A81C00D0D1C4 /* Debug */,
				B86CE29C2778A81C00D0D1C4 /* Release */,
			);
			defaultConfigurationIsVisible = 0;
			defaultConfigurationName = Release;
		};
		B86CE29D2778A81C00D0D1C4 /* Build configuration list for PBXNativeTarget "PokedexTests" */ = {
			isa = XCConfigurationList;
			buildConfigurations = (
				B86CE29E2778A81C00D0D1C4 /* Debug */,
				B86CE29F2778A81C00D0D1C4 /* Release */,
			);
			defaultConfigurationIsVisible = 0;
			defaultConfigurationName = Release;
		};
		B8D1AD3E27D10B8800E4BABF /* Build configuration list for PBXNativeTarget "PokemonDetailSandbox" */ = {
			isa = XCConfigurationList;
			buildConfigurations = (
				B8D1AD3A27D10B8800E4BABF /* Debug */,
				B8D1AD3B27D10B8800E4BABF /* Release */,
			);
			defaultConfigurationIsVisible = 0;
			defaultConfigurationName = Release;
		};
/* End XCConfigurationList section */

/* Begin XCSwiftPackageProductDependency section */
		B814274127CD09FB0099E1B3 /* DI */ = {
			isa = XCSwiftPackageProductDependency;
			productName = DI;
		};
		B814274327CD0D970099E1B3 /* Features */ = {
			isa = XCSwiftPackageProductDependency;
			productName = Features;
		};
		B834072627C5F3D700E1A585 /* DesignSystem */ = {
			isa = XCSwiftPackageProductDependency;
			productName = DesignSystem;
		};
		B834072827C5F3D700E1A585 /* Entity */ = {
			isa = XCSwiftPackageProductDependency;
			productName = Entity;
		};
		B834072A27C5F3D700E1A585 /* Repository */ = {
			isa = XCSwiftPackageProductDependency;
			productName = Repository;
		};
		B834072C27C5F3D700E1A585 /* UseCase */ = {
			isa = XCSwiftPackageProductDependency;
			productName = UseCase;
		};
		B834073027C5F3D700E1A585 /* Infra */ = {
			isa = XCSwiftPackageProductDependency;
			productName = Infra;
		};
		B845207627D06F150067081D /* Core */ = {
			isa = XCSwiftPackageProductDependency;
			productName = Core;
		};
		B8D1AD4427D10FD900E4BABF /* Entity */ = {
			isa = XCSwiftPackageProductDependency;
			productName = Entity;
		};
		B8D1AD4627D10FD900E4BABF /* Repository */ = {
			isa = XCSwiftPackageProductDependency;
			productName = Repository;
		};
		B8D1AD4827D10FD900E4BABF /* UseCase */ = {
			isa = XCSwiftPackageProductDependency;
			productName = UseCase;
		};
		B8D1AD4A27D10FD900E4BABF /* DI */ = {
			isa = XCSwiftPackageProductDependency;
			productName = DI;
		};
		B8D1AD4C27D10FD900E4BABF /* Features */ = {
			isa = XCSwiftPackageProductDependency;
			productName = Features;
		};
		B8D1AD4E27D10FD900E4BABF /* Infra */ = {
			isa = XCSwiftPackageProductDependency;
			productName = Infra;
		};
		B8D1AD5027D1108000E4BABF /* Core */ = {
			isa = XCSwiftPackageProductDependency;
			productName = Core;
		};
/* End XCSwiftPackageProductDependency section */
	};
	rootObject = B86CE26E2778A81A00D0D1C4 /* Project object */;
}
